
Microsoft Visual Studio Solution File, Format Version 12.00
# Visual Studio Version 16
VisualStudioVersion = 16.0.33927.289
MinimumVisualStudioVersion = 10.0.40219.1
Project("{FAE04EC0-301F-11D3-BF4B-00C04F79EFBC}") = "PROJECTCOMTAM", "PROJECTCOMTAM\PROJECTCOMTAM.csproj", "{AD7AA46F-EF68-4615-A309-A790F498DCE3}"
EndProject
Global
	GlobalSection(SolutionConfigurationPlatforms) = preSolution
		Debug|Any CPU = Debug|Any CPU
		Release|Any CPU = Release|Any CPU
	EndGlobalSection
	GlobalSection(ProjectConfigurationPlatforms) = postSolution
		{AD7AA46F-EF68-4615-A309-A790F498DCE3}.Debug|Any CPU.ActiveCfg = Debug|Any CPU
		{AD7AA46F-EF68-4615-A309-A790F498DCE3}.Debug|Any CPU.Build.0 = Debug|Any CPU
		{AD7AA46F-EF68-4615-A309-A790F498DCE3}.Release|Any CPU.ActiveCfg = Release|Any CPU
		{AD7AA46F-EF68-4615-A309-A790F498DCE3}.Release|Any CPU.Build.0 = Release|Any CPU
	EndGlobalSection
	GlobalSection(SolutionProperties) = preSolution
		HideSolutionNode = FALSE
	EndGlobalSection
	GlobalSection(ExtensibilityGlobals) = postSolution
		SolutionGuid = {5314A05C-71E0-4362-B8C9-6F8E719D821C}
	EndGlobalSection
EndGlobal
